
Microsoft Visual Studio Solution File, Format Version 12.00
# Visual Studio Version 17
VisualStudioVersion = 17.11.35312.102
MinimumVisualStudioVersion = 10.0.40219.1
Project("{FAE04EC0-301F-11D3-BF4B-00C04F79EFBC}") = "Falcons_FinalProject", "Falcons_FinalProject\Falcons_FinalProject.csproj", "{7E4AF0C3-8C29-4E81-A8D6-4992EDDE4B28}"
EndProject
Global
	GlobalSection(SolutionConfigurationPlatforms) = preSolution
		Debug|Any CPU = Debug|Any CPU
		Release|Any CPU = Release|Any CPU
	EndGlobalSection
	GlobalSection(ProjectConfigurationPlatforms) = postSolution
		{7E4AF0C3-8C29-4E81-A8D6-4992EDDE4B28}.Debug|Any CPU.ActiveCfg = Debug|Any CPU
		{7E4AF0C3-8C29-4E81-A8D6-4992EDDE4B28}.Debug|Any CPU.Build.0 = Debug|Any CPU
		{7E4AF0C3-8C29-4E81-A8D6-4992EDDE4B28}.Release|Any CPU.ActiveCfg = Release|Any CPU
		{7E4AF0C3-8C29-4E81-A8D6-4992EDDE4B28}.Release|Any CPU.Build.0 = Release|Any CPU
	EndGlobalSection
	GlobalSection(SolutionProperties) = preSolution
		HideSolutionNode = FALSE
	EndGlobalSection
	GlobalSection(ExtensibilityGlobals) = postSolution
		SolutionGuid = {EF91A171-2CD8-44A0-941D-287C6FE74FD2}
	EndGlobalSection
EndGlobal
